// !$*UTF8*$!
{
	archiveVersion = 1;
	classes = {
	};
	objectVersion = 55;
	objects = {

/* Begin PBXBuildFile section */
		B26DCA1C27062C0A0088032C /* README.md in Resources */ = {isa = PBXBuildFile; fileRef = B26DCA1B27062C0A0088032C /* README.md */; };
		B290640827040F81004250FA /* AppDelegate.swift in Sources */ = {isa = PBXBuildFile; fileRef = B290640727040F81004250FA /* AppDelegate.swift */; };
		B290640A27040F81004250FA /* SceneDelegate.swift in Sources */ = {isa = PBXBuildFile; fileRef = B290640927040F81004250FA /* SceneDelegate.swift */; };
		B290640C27040F81004250FA /* LinksViewController.swift in Sources */ = {isa = PBXBuildFile; fileRef = B290640B27040F81004250FA /* LinksViewController.swift */; };
		B290640F27040F81004250FA /* Main.storyboard in Resources */ = {isa = PBXBuildFile; fileRef = B290640D27040F81004250FA /* Main.storyboard */; };
		B290641227040F81004250FA /* Sticky_Links.xcdatamodeld in Sources */ = {isa = PBXBuildFile; fileRef = B290641027040F81004250FA /* Sticky_Links.xcdatamodeld */; };
		B290641427040F85004250FA /* Assets.xcassets in Resources */ = {isa = PBXBuildFile; fileRef = B290641327040F85004250FA /* Assets.xcassets */; };
		B290641727040F85004250FA /* LaunchScreen.storyboard in Resources */ = {isa = PBXBuildFile; fileRef = B290641527040F85004250FA /* LaunchScreen.storyboard */; };
		B29064252704152A004250FA /* WebViewController.swift in Sources */ = {isa = PBXBuildFile; fileRef = B29064242704152A004250FA /* WebViewController.swift */; };
		B290642727041685004250FA /* CategoryViewController.swift in Sources */ = {isa = PBXBuildFile; fileRef = B290642627041685004250FA /* CategoryViewController.swift */; };
/* End PBXBuildFile section */

/* Begin PBXFileReference section */
		B26DCA1B27062C0A0088032C /* README.md */ = {isa = PBXFileReference; fileEncoding = 4; lastKnownFileType = net.daringfireball.markdown; path = README.md; sourceTree = "<group>"; };
		B290640427040F81004250FA /* Sticky Links.app */ = {isa = PBXFileReference; explicitFileType = wrapper.application; includeInIndex = 0; path = "Sticky Links.app"; sourceTree = BUILT_PRODUCTS_DIR; };
		B290640727040F81004250FA /* AppDelegate.swift */ = {isa = PBXFileReference; lastKnownFileType = sourcecode.swift; path = AppDelegate.swift; sourceTree = "<group>"; };
		B290640927040F81004250FA /* SceneDelegate.swift */ = {isa = PBXFileReference; lastKnownFileType = sourcecode.swift; path = SceneDelegate.swift; sourceTree = "<group>"; };
		B290640B27040F81004250FA /* LinksViewController.swift */ = {isa = PBXFileReference; lastKnownFileType = sourcecode.swift; path = LinksViewController.swift; sourceTree = "<group>"; };
		B290640E27040F81004250FA /* Base */ = {isa = PBXFileReference; lastKnownFileType = file.storyboard; name = Base; path = Base.lproj/Main.storyboard; sourceTree = "<group>"; };
		B290641127040F81004250FA /* Sticky_Links.xcdatamodel */ = {isa = PBXFileReference; lastKnownFileType = wrapper.xcdatamodel; path = Sticky_Links.xcdatamodel; sourceTree = "<group>"; };
		B290641327040F85004250FA /* Assets.xcassets */ = {isa = PBXFileReference; lastKnownFileType = folder.assetcatalog; path = Assets.xcassets; sourceTree = "<group>"; };
		B290641627040F85004250FA /* Base */ = {isa = PBXFileReference; lastKnownFileType = file.storyboard; name = Base; path = Base.lproj/LaunchScreen.storyboard; sourceTree = "<group>"; };
		B290641827040F85004250FA /* Info.plist */ = {isa = PBXFileReference; lastKnownFileType = text.plist.xml; path = Info.plist; sourceTree = "<group>"; };
		B29064242704152A004250FA /* WebViewController.swift */ = {isa = PBXFileReference; lastKnownFileType = sourcecode.swift; path = WebViewController.swift; sourceTree = "<group>"; };
		B290642627041685004250FA /* CategoryViewController.swift */ = {isa = PBXFileReference; lastKnownFileType = sourcecode.swift; path = CategoryViewController.swift; sourceTree = "<group>"; };
/* End PBXFileReference section */

/* Begin PBXFrameworksBuildPhase section */
		B290640127040F81004250FA /* Frameworks */ = {
			isa = PBXFrameworksBuildPhase;
			buildActionMask = 2147483647;
			files = (
			);
			runOnlyForDeploymentPostprocessing = 0;
		};
/* End PBXFrameworksBuildPhase section */

/* Begin PBXGroup section */
		B29063FB27040F80004250FA = {
			isa = PBXGroup;
			children = (
				B26DCA1B27062C0A0088032C /* README.md */,
				B290640627040F81004250FA /* Sticky Links */,
				B290640527040F81004250FA /* Products */,
			);
			sourceTree = "<group>";
		};
		B290640527040F81004250FA /* Products */ = {
			isa = PBXGroup;
			children = (
				B290640427040F81004250FA /* Sticky Links.app */,
			);
			name = Products;
			sourceTree = "<group>";
		};
		B290640627040F81004250FA /* Sticky Links */ = {
			isa = PBXGroup;
			children = (
				B290640727040F81004250FA /* AppDelegate.swift */,
				B290640927040F81004250FA /* SceneDelegate.swift */,
				B29064202704135A004250FA /* Model */,
				B290641E2704132B004250FA /* Controllers */,
				B290641F2704133D004250FA /* View */,
				B290641327040F85004250FA /* Assets.xcassets */,
				B290641527040F85004250FA /* LaunchScreen.storyboard */,
				B290641827040F85004250FA /* Info.plist */,
			);
			path = "Sticky Links";
			sourceTree = "<group>";
		};
		B290641E2704132B004250FA /* Controllers */ = {
			isa = PBXGroup;
			children = (
				B290642627041685004250FA /* CategoryViewController.swift */,
				B290640B27040F81004250FA /* LinksViewController.swift */,
				B29064242704152A004250FA /* WebViewController.swift */,
			);
			path = Controllers;
			sourceTree = "<group>";
		};
		B290641F2704133D004250FA /* View */ = {
			isa = PBXGroup;
			children = (
				B290640D27040F81004250FA /* Main.storyboard */,
			);
			path = View;
			sourceTree = "<group>";
		};
		B29064202704135A004250FA /* Model */ = {
			isa = PBXGroup;
			children = (
				B290641027040F81004250FA /* Sticky_Links.xcdatamodeld */,
			);
			path = Model;
			sourceTree = "<group>";
		};
/* End PBXGroup section */

/* Begin PBXNativeTarget section */
		B290640327040F81004250FA /* Sticky Links */ = {
			isa = PBXNativeTarget;
			buildConfigurationList = B290641B27040F85004250FA /* Build configuration list for PBXNativeTarget "Sticky Links" */;
			buildPhases = (
				B290640027040F81004250FA /* Sources */,
				B290640127040F81004250FA /* Frameworks */,
				B290640227040F81004250FA /* Resources */,
			);
			buildRules = (
			);
			dependencies = (
			);
			name = "Sticky Links";
			productName = "Sticky Links";
			productReference = B290640427040F81004250FA /* Sticky Links.app */;
			productType = "com.apple.product-type.application";
		};
/* End PBXNativeTarget section */

/* Begin PBXProject section */
		B29063FC27040F80004250FA /* Project object */ = {
			isa = PBXProject;
			attributes = {
				BuildIndependentTargetsInParallel = 1;
				LastSwiftUpdateCheck = 1300;
				LastUpgradeCheck = 1300;
				TargetAttributes = {
					B290640327040F81004250FA = {
						CreatedOnToolsVersion = 13.0;
					};
				};
			};
			buildConfigurationList = B29063FF27040F80004250FA /* Build configuration list for PBXProject "Sticky Links" */;
			compatibilityVersion = "Xcode 13.0";
			developmentRegion = en;
			hasScannedForEncodings = 0;
			knownRegions = (
				en,
				Base,
			);
			mainGroup = B29063FB27040F80004250FA;
			productRefGroup = B290640527040F81004250FA /* Products */;
			projectDirPath = "";
			projectRoot = "";
			targets = (
				B290640327040F81004250FA /* Sticky Links */,
			);
		};
/* End PBXProject section */

/* Begin PBXResourcesBuildPhase section */
		B290640227040F81004250FA /* Resources */ = {
			isa = PBXResourcesBuildPhase;
			buildActionMask = 2147483647;
			files = (
				B290641727040F85004250FA /* LaunchScreen.storyboard in Resources */,
				B290641427040F85004250FA /* Assets.xcassets in Resources */,
				B26DCA1C27062C0A0088032C /* README.md in Resources */,
				B290640F27040F81004250FA /* Main.storyboard in Resources */,
			);
			runOnlyForDeploymentPostprocessing = 0;
		};
/* End PBXResourcesBuildPhase section */

/* Begin PBXSourcesBuildPhase section */
		B290640027040F81004250FA /* Sources */ = {
			isa = PBXSourcesBuildPhase;
			buildActionMask = 2147483647;
			files = (
				B290641227040F81004250FA /* Sticky_Links.xcdatamodeld in Sources */,
				B290640C27040F81004250FA /* LinksViewController.swift in Sources */,
				B290640827040F81004250FA /* AppDelegate.swift in Sources */,
				B29064252704152A004250FA /* WebViewController.swift in Sources */,
				B290642727041685004250FA /* CategoryViewController.swift in Sources */,
				B290640A27040F81004250FA /* SceneDelegate.swift in Sources */,
			);
			runOnlyForDeploymentPostprocessing = 0;
		};
/* End PBXSourcesBuildPhase section */

/* Begin PBXVariantGroup section */
		B290640D27040F81004250FA /* Main.storyboard */ = {
			isa = PBXVariantGroup;
			children = (
				B290640E27040F81004250FA /* Base */,
			);
			name = Main.storyboard;
			sourceTree = "<group>";
		};
		B290641527040F85004250FA /* LaunchScreen.storyboard */ = {
			isa = PBXVariantGroup;
			children = (
				B290641627040F85004250FA /* Base */,
			);
			name = LaunchScreen.storyboard;
			sourceTree = "<group>";
		};
/* End PBXVariantGroup section */

/* Begin XCBuildConfiguration section */
		B290641927040F85004250FA /* Debug */ = {
			isa = XCBuildConfiguration;
			buildSettings = {
				ALWAYS_SEARCH_USER_PATHS = NO;
				CLANG_ANALYZER_NONNULL = YES;
				CLANG_ANALYZER_NUMBER_OBJECT_CONVERSION = YES_AGGRESSIVE;
				CLANG_CXX_LANGUAGE_STANDARD = "gnu++17";
				CLANG_CXX_LIBRARY = "libc++";
				CLANG_ENABLE_MODULES = YES;
				CLANG_ENABLE_OBJC_ARC = YES;
				CLANG_ENABLE_OBJC_WEAK = YES;
				CLANG_WARN_BLOCK_CAPTURE_AUTORELEASING = YES;
				CLANG_WARN_BOOL_CONVERSION = YES;
				CLANG_WARN_COMMA = YES;
				CLANG_WARN_CONSTANT_CONVERSION = YES;
				CLANG_WARN_DEPRECATED_OBJC_IMPLEMENTATIONS = YES;
				CLANG_WARN_DIRECT_OBJC_ISA_USAGE = YES_ERROR;
				CLANG_WARN_DOCUMENTATION_COMMENTS = YES;
				CLANG_WARN_EMPTY_BODY = YES;
				CLANG_WARN_ENUM_CONVERSION = YES;
				CLANG_WARN_INFINITE_RECURSION = YES;
				CLANG_WARN_INT_CONVERSION = YES;
				CLANG_WARN_NON_LITERAL_NULL_CONVERSION = YES;
				CLANG_WARN_OBJC_IMPLICIT_RETAIN_SELF = YES;
				CLANG_WARN_OBJC_LITERAL_CONVERSION = YES;
				CLANG_WARN_OBJC_ROOT_CLASS = YES_ERROR;
				CLANG_WARN_QUOTED_INCLUDE_IN_FRAMEWORK_HEADER = YES;
				CLANG_WARN_RANGE_LOOP_ANALYSIS = YES;
				CLANG_WARN_STRICT_PROTOTYPES = YES;
				CLANG_WARN_SUSPICIOUS_MOVE = YES;
				CLANG_WARN_UNGUARDED_AVAILABILITY = YES_AGGRESSIVE;
				CLANG_WARN_UNREACHABLE_CODE = YES;
				CLANG_WARN__DUPLICATE_METHOD_MATCH = YES;
				COPY_PHASE_STRIP = NO;
				DEBUG_INFORMATION_FORMAT = dwarf;
				ENABLE_STRICT_OBJC_MSGSEND = YES;
				ENABLE_TESTABILITY = YES;
				GCC_C_LANGUAGE_STANDARD = gnu11;
				GCC_DYNAMIC_NO_PIC = NO;
				GCC_NO_COMMON_BLOCKS = YES;
				GCC_OPTIMIZATION_LEVEL = 0;
				GCC_PREPROCESSOR_DEFINITIONS = (
					"DEBUG=1",
					"$(inherited)",
				);
				GCC_WARN_64_TO_32_BIT_CONVERSION = YES;
				GCC_WARN_ABOUT_RETURN_TYPE = YES_ERROR;
				GCC_WARN_UNDECLARED_SELECTOR = YES;
				GCC_WARN_UNINITIALIZED_AUTOS = YES_AGGRESSIVE;
				GCC_WARN_UNUSED_FUNCTION = YES;
				GCC_WARN_UNUSED_VARIABLE = YES;
				IPHONEOS_DEPLOYMENT_TARGET = 15.0;
				MTL_ENABLE_DEBUG_INFO = INCLUDE_SOURCE;
				MTL_FAST_MATH = YES;
				ONLY_ACTIVE_ARCH = YES;
				SDKROOT = iphoneos;
				SWIFT_ACTIVE_COMPILATION_CONDITIONS = DEBUG;
				SWIFT_OPTIMIZATION_LEVEL = "-Onone";
			};
			name = Debug;
		};
		B290641A27040F85004250FA /* Release */ = {
			isa = XCBuildConfiguration;
			buildSettings = {
				ALWAYS_SEARCH_USER_PATHS = NO;
				CLANG_ANALYZER_NONNULL = YES;
				CLANG_ANALYZER_NUMBER_OBJECT_CONVERSION = YES_AGGRESSIVE;
				CLANG_CXX_LANGUAGE_STANDARD = "gnu++17";
				CLANG_CXX_LIBRARY = "libc++";
				CLANG_ENABLE_MODULES = YES;
				CLANG_ENABLE_OBJC_ARC = YES;
				CLANG_ENABLE_OBJC_WEAK = YES;
				CLANG_WARN_BLOCK_CAPTURE_AUTORELEASING = YES;
				CLANG_WARN_BOOL_CONVERSION = YES;
				CLANG_WARN_COMMA = YES;
				CLANG_WARN_CONSTANT_CONVERSION = YES;
				CLANG_WARN_DEPRECATED_OBJC_IMPLEMENTATIONS = YES;
				CLANG_WARN_DIRECT_OBJC_ISA_USAGE = YES_ERROR;
				CLANG_WARN_DOCUMENTATION_COMMENTS = YES;
				CLANG_WARN_EMPTY_BODY = YES;
				CLANG_WARN_ENUM_CONVERSION = YES;
				CLANG_WARN_INFINITE_RECURSION = YES;
				CLANG_WARN_INT_CONVERSION = YES;
				CLANG_WARN_NON_LITERAL_NULL_CONVERSION = YES;
				CLANG_WARN_OBJC_IMPLICIT_RETAIN_SELF = YES;
				CLANG_WARN_OBJC_LITERAL_CONVERSION = YES;
				CLANG_WARN_OBJC_ROOT_CLASS = YES_ERROR;
				CLANG_WARN_QUOTED_INCLUDE_IN_FRAMEWORK_HEADER = YES;
				CLANG_WARN_RANGE_LOOP_ANALYSIS = YES;
				CLANG_WARN_STRICT_PROTOTYPES = YES;
				CLANG_WARN_SUSPICIOUS_MOVE = YES;
				CLANG_WARN_UNGUARDED_AVAILABILITY = YES_AGGRESSIVE;
				CLANG_WARN_UNREACHABLE_CODE = YES;
				CLANG_WARN__DUPLICATE_METHOD_MATCH = YES;
				COPY_PHASE_STRIP = NO;
				DEBUG_INFORMATION_FORMAT = "dwarf-with-dsym";
				ENABLE_NS_ASSERTIONS = NO;
				ENABLE_STRICT_OBJC_MSGSEND = YES;
				GCC_C_LANGUAGE_STANDARD = gnu11;
				GCC_NO_COMMON_BLOCKS = YES;
				GCC_WARN_64_TO_32_BIT_CONVERSION = YES;
				GCC_WARN_ABOUT_RETURN_TYPE = YES_ERROR;
				GCC_WARN_UNDECLARED_SELECTOR = YES;
				GCC_WARN_UNINITIALIZED_AUTOS = YES_AGGRESSIVE;
				GCC_WARN_UNUSED_FUNCTION = YES;
				GCC_WARN_UNUSED_VARIABLE = YES;
				IPHONEOS_DEPLOYMENT_TARGET = 15.0;
				MTL_ENABLE_DEBUG_INFO = NO;
				MTL_FAST_MATH = YES;
				SDKROOT = iphoneos;
				SWIFT_COMPILATION_MODE = wholemodule;
				SWIFT_OPTIMIZATION_LEVEL = "-O";
				VALIDATE_PRODUCT = YES;
			};
			name = Release;
		};
		B290641C27040F85004250FA /* Debug */ = {
			isa = XCBuildConfiguration;
			buildSettings = {
				ASSETCATALOG_COMPILER_APPICON_NAME = AppIcon;
				ASSETCATALOG_COMPILER_GLOBAL_ACCENT_COLOR_NAME = AccentColor;
				CODE_SIGN_STYLE = Automatic;
				CURRENT_PROJECT_VERSION = 1;
				DEVELOPMENT_TEAM = 2BB3BWS5S3;
				GENERATE_INFOPLIST_FILE = YES;
				INFOPLIST_FILE = "Sticky Links/Info.plist";
				INFOPLIST_KEY_UIApplicationSupportsIndirectInputEvents = YES;
				INFOPLIST_KEY_UILaunchStoryboardName = LaunchScreen;
				INFOPLIST_KEY_UIMainStoryboardFile = Main;
				INFOPLIST_KEY_UISupportedInterfaceOrientations_iPad = "UIInterfaceOrientationPortrait UIInterfaceOrientationPortraitUpsideDown UIInterfaceOrientationLandscapeLeft UIInterfaceOrientationLandscapeRight";
				INFOPLIST_KEY_UISupportedInterfaceOrientations_iPhone = "UIInterfaceOrientationPortrait UIInterfaceOrientationLandscapeLeft UIInterfaceOrientationLandscapeRight";
				LD_RUNPATH_SEARCH_PATHS = (
					"$(inherited)",
					"@executable_path/Frameworks",
				);
				MARKETING_VERSION = 1.0;
				PRODUCT_BUNDLE_IDENTIFIER = "com.SamridhAgarwal.Sticky-Links";
				PRODUCT_NAME = "$(TARGET_NAME)";
				SWIFT_EMIT_LOC_STRINGS = YES;
				SWIFT_VERSION = 5.0;
				TARGETED_DEVICE_FAMILY = "1,2";
			};
			name = Debug;
		};
		B290641D27040F85004250FA /* Release */ = {
			isa = XCBuildConfiguration;
			buildSettings = {
				ASSETCATALOG_COMPILER_APPICON_NAME = AppIcon;
				ASSETCATALOG_COMPILER_GLOBAL_ACCENT_COLOR_NAME = AccentColor;
				CODE_SIGN_STYLE = Automatic;
				CURRENT_PROJECT_VERSION = 1;
				DEVELOPMENT_TEAM = 2BB3BWS5S3;
				GENERATE_INFOPLIST_FILE = YES;
				INFOPLIST_FILE = "Sticky Links/Info.plist";
				INFOPLIST_KEY_UIApplicationSupportsIndirectInputEvents = YES;
				INFOPLIST_KEY_UILaunchStoryboardName = LaunchScreen;
				INFOPLIST_KEY_UIMainStoryboardFile = Main;
				INFOPLIST_KEY_UISupportedInterfaceOrientations_iPad = "UIInterfaceOrientationPortrait UIInterfaceOrientationPortraitUpsideDown UIInterfaceOrientationLandscapeLeft UIInterfaceOrientationLandscapeRight";
				INFOPLIST_KEY_UISupportedInterfaceOrientations_iPhone = "UIInterfaceOrientationPortrait UIInterfaceOrientationLandscapeLeft UIInterfaceOrientationLandscapeRight";
				LD_RUNPATH_SEARCH_PATHS = (
					"$(inherited)",
					"@executable_path/Frameworks",
				);
				MARKETING_VERSION = 1.0;
				PRODUCT_BUNDLE_IDENTIFIER = "com.SamridhAgarwal.Sticky-Links";
				PRODUCT_NAME = "$(TARGET_NAME)";
				SWIFT_EMIT_LOC_STRINGS = YES;
				SWIFT_VERSION = 5.0;
				TARGETED_DEVICE_FAMILY = "1,2";
			};
			name = Release;
		};
/* End XCBuildConfiguration section */

/* Begin XCConfigurationList section */
		B29063FF27040F80004250FA /* Build configuration list for PBXProject "Sticky Links" */ = {
			isa = XCConfigurationList;
			buildConfigurations = (
				B290641927040F85004250FA /* Debug */,
				B290641A27040F85004250FA /* Release */,
			);
			defaultConfigurationIsVisible = 0;
			defaultConfigurationName = Release;
		};
		B290641B27040F85004250FA /* Build configuration list for PBXNativeTarget "Sticky Links" */ = {
			isa = XCConfigurationList;
			buildConfigurations = (
				B290641C27040F85004250FA /* Debug */,
				B290641D27040F85004250FA /* Release */,
			);
			defaultConfigurationIsVisible = 0;
			defaultConfigurationName = Release;
		};
/* End XCConfigurationList section */

/* Begin XCVersionGroup section */
		B290641027040F81004250FA /* Sticky_Links.xcdatamodeld */ = {
			isa = XCVersionGroup;
			children = (
				B290641127040F81004250FA /* Sticky_Links.xcdatamodel */,
			);
			currentVersion = B290641127040F81004250FA /* Sticky_Links.xcdatamodel */;
			path = Sticky_Links.xcdatamodeld;
			sourceTree = "<group>";
			versionGroupType = wrapper.xcdatamodel;
		};
/* End XCVersionGroup section */
	};
	rootObject = B29063FC27040F80004250FA /* Project object */;
}
